<Solution>
  <Configurations>
    <Platform Name="Any CPU" />
  </Configurations>
  <Project Path="code/terrain_generation_tool.csproj" />
  <Project Path="Editor/terrain_generation_tool.editor.csproj" />
  <Folder Name="/Addons/">
    <Project Path="A:/SteamLibrary/steamapps/common/sbox/addons/base/code/Base Library.csproj" />
  </Folder>
  <Folder Name="/Libraries/">
    <Project Path="Libraries/sturnus.terraingenerationtool/Code/terraingenerationtool.csproj" />
    <Project Path="Libraries/sturnus.terraingenerationtool/Editor/terraingenerationtool.editor.csproj" />
  </Folder>
  <Folder Name="/Tools/">
    <Project Path="A:/SteamLibrary/steamapps/common/sbox/addons/tools/Code/Base Editor Library.csproj" />
    <Project Path="A:/SteamLibrary/steamapps/common/sbox/editor/ActionGraph/Code/actiongraph.csproj" />
    <Project Path="A:/SteamLibrary/steamapps/common/sbox/editor/DooEditor/Code/dooeditor.csproj" />
    <Project Path="A:/SteamLibrary/steamapps/common/sbox/editor/Hammer/Code/hammer.csproj" />
    <Project Path="A:/SteamLibrary/steamapps/common/sbox/editor/MovieMaker/Code/moviemaker.csproj" />
    <Project Path="A:/SteamLibrary/steamapps/common/sbox/editor/ShaderGraph/Code/shadergraph.csproj" />
  </Folder>
</Solution>